
Microsoft Visual Studio Solution File, Format Version 12.00
# Visual Studio Version 16
VisualStudioVersion = 16.0.31702.278
MinimumVisualStudioVersion = 10.0.40219.1
Project("{FAE04EC0-301F-11D3-BF4B-00C04F79EFBC}") = "EasyPacker", "EasyPacker\EasyPacker.csproj", "{77F31822-0ECF-4773-AA13-7B9E7EE2D111}"
EndProject
Global
	GlobalSection(SolutionConfigurationPlatforms) = preSolution
		Debug|Any CPU = Debug|Any CPU
		Release|Any CPU = Release|Any CPU
	EndGlobalSection
	GlobalSection(ProjectConfigurationPlatforms) = postSolution
		{77F31822-0ECF-4773-AA13-7B9E7EE2D111}.Debug|Any CPU.ActiveCfg = Debug|Any CPU
		{77F31822-0ECF-4773-AA13-7B9E7EE2D111}.Debug|Any CPU.Build.0 = Debug|Any CPU
		{77F31822-0ECF-4773-AA13-7B9E7EE2D111}.Release|Any CPU.ActiveCfg = Release|Any CPU
		{77F31822-0ECF-4773-AA13-7B9E7EE2D111}.Release|Any CPU.Build.0 = Release|Any CPU
	EndGlobalSection
	GlobalSection(SolutionProperties) = preSolution
		HideSolutionNode = FALSE
	EndGlobalSection
	GlobalSection(ExtensibilityGlobals) = postSolution
		SolutionGuid = {0946BFDE-B205-4780-B47A-F63DBE153F03}
	EndGlobalSection
EndGlobal
